
Microsoft Visual Studio Solution File, Format Version 12.00
# Visual Studio Version 17
VisualStudioVersion = 17.1.32228.430
MinimumVisualStudioVersion = 10.0.40219.1
Project("{9A19103F-16F7-4668-BE54-9A1E7A4F7556}") = "seving.core", "seving.core\seving.core.csproj", "{E552AAF4-B6C5-4112-8830-7FA226F7FFA2}"
EndProject
Project("{9A19103F-16F7-4668-BE54-9A1E7A4F7556}") = "seving.core.tests", "seving.core.tests\seving.core.tests.csproj", "{23ECA185-7DEE-445C-A28B-F3BBBF31F753}"
EndProject
Project("{9A19103F-16F7-4668-BE54-9A1E7A4F7556}") = "seving.core.integratedTests", "seving.core.integratedTests\seving.core.integratedTests.csproj", "{0E8BBB30-A92E-4214-8205-4C0C70520DF6}"
EndProject
Global
	GlobalSection(SolutionConfigurationPlatforms) = preSolution
		Debug|Any CPU = Debug|Any CPU
		Release|Any CPU = Release|Any CPU
	EndGlobalSection
	GlobalSection(ProjectConfigurationPlatforms) = postSolution
		{E552AAF4-B6C5-4112-8830-7FA226F7FFA2}.Debug|Any CPU.ActiveCfg = Debug|Any CPU
		{E552AAF4-B6C5-4112-8830-7FA226F7FFA2}.Debug|Any CPU.Build.0 = Debug|Any CPU
		{E552AAF4-B6C5-4112-8830-7FA226F7FFA2}.Release|Any CPU.ActiveCfg = Release|Any CPU
		{E552AAF4-B6C5-4112-8830-7FA226F7FFA2}.Release|Any CPU.Build.0 = Release|Any CPU
		{23ECA185-7DEE-445C-A28B-F3BBBF31F753}.Debug|Any CPU.ActiveCfg = Debug|Any CPU
		{23ECA185-7DEE-445C-A28B-F3BBBF31F753}.Debug|Any CPU.Build.0 = Debug|Any CPU
		{23ECA185-7DEE-445C-A28B-F3BBBF31F753}.Release|Any CPU.ActiveCfg = Release|Any CPU
		{23ECA185-7DEE-445C-A28B-F3BBBF31F753}.Release|Any CPU.Build.0 = Release|Any CPU
		{0E8BBB30-A92E-4214-8205-4C0C70520DF6}.Debug|Any CPU.ActiveCfg = Debug|Any CPU
		{0E8BBB30-A92E-4214-8205-4C0C70520DF6}.Debug|Any CPU.Build.0 = Debug|Any CPU
		{0E8BBB30-A92E-4214-8205-4C0C70520DF6}.Release|Any CPU.ActiveCfg = Release|Any CPU
		{0E8BBB30-A92E-4214-8205-4C0C70520DF6}.Release|Any CPU.Build.0 = Release|Any CPU
	EndGlobalSection
	GlobalSection(SolutionProperties) = preSolution
		HideSolutionNode = FALSE
	EndGlobalSection
	GlobalSection(ExtensibilityGlobals) = postSolution
		SolutionGuid = {8BA6FEBC-0CA4-45EF-B2D2-60051705C482}
	EndGlobalSection
EndGlobal
